
Microsoft Visual Studio Solution File, Format Version 12.00
# Visual Studio Version 17
VisualStudioVersion = 17.13.35913.81
MinimumVisualStudioVersion = 10.0.40219.1
Project("{FAE04EC0-301F-11D3-BF4B-00C04F79EFBC}") = "MySockectLibrary", "MySockectLibrary.csproj", "{1458A632-3849-4296-B7CD-D609E14F63A3}"
EndProject
Project("{FAE04EC0-301F-11D3-BF4B-00C04F79EFBC}") = "Cliente", "..\Cliente\Cliente.csproj", "{E4F07861-E272-46CA-8B03-37174C28EC2C}"
EndProject
Project("{FAE04EC0-301F-11D3-BF4B-00C04F79EFBC}") = "Server", "..\Server\Server.csproj", "{04E506D0-29CA-4255-9F19-06ECBF6F5B99}"
EndProject
Global
	GlobalSection(SolutionConfigurationPlatforms) = preSolution
		Debug|Any CPU = Debug|Any CPU
		Release|Any CPU = Release|Any CPU
	EndGlobalSection
	GlobalSection(ProjectConfigurationPlatforms) = postSolution
		{1458A632-3849-4296-B7CD-D609E14F63A3}.Debug|Any CPU.ActiveCfg = Debug|Any CPU
		{1458A632-3849-4296-B7CD-D609E14F63A3}.Debug|Any CPU.Build.0 = Debug|Any CPU
		{1458A632-3849-4296-B7CD-D609E14F63A3}.Release|Any CPU.ActiveCfg = Release|Any CPU
		{1458A632-3849-4296-B7CD-D609E14F63A3}.Release|Any CPU.Build.0 = Release|Any CPU
		{E4F07861-E272-46CA-8B03-37174C28EC2C}.Debug|Any CPU.ActiveCfg = Debug|Any CPU
		{E4F07861-E272-46CA-8B03-37174C28EC2C}.Debug|Any CPU.Build.0 = Debug|Any CPU
		{E4F07861-E272-46CA-8B03-37174C28EC2C}.Release|Any CPU.ActiveCfg = Release|Any CPU
		{E4F07861-E272-46CA-8B03-37174C28EC2C}.Release|Any CPU.Build.0 = Release|Any CPU
		{04E506D0-29CA-4255-9F19-06ECBF6F5B99}.Debug|Any CPU.ActiveCfg = Debug|Any CPU
		{04E506D0-29CA-4255-9F19-06ECBF6F5B99}.Debug|Any CPU.Build.0 = Debug|Any CPU
		{04E506D0-29CA-4255-9F19-06ECBF6F5B99}.Release|Any CPU.ActiveCfg = Release|Any CPU
		{04E506D0-29CA-4255-9F19-06ECBF6F5B99}.Release|Any CPU.Build.0 = Release|Any CPU
	EndGlobalSection
	GlobalSection(SolutionProperties) = preSolution
		HideSolutionNode = FALSE
	EndGlobalSection
	GlobalSection(ExtensibilityGlobals) = postSolution
		SolutionGuid = {6FE1C50C-59DF-4B21-9DDB-6DBC1836B18A}
	EndGlobalSection
EndGlobal
